
Microsoft Visual Studio Solution File, Format Version 12.00
# Visual Studio Version 17
VisualStudioVersion = 17.3.32811.315
MinimumVisualStudioVersion = 10.0.40219.1
Project("{FAE04EC0-301F-11D3-BF4B-00C04F79EFBC}") = "HotChocolateAPI", "HotChocolateAPI\HotChocolateAPI.csproj", "{6F05C6FA-D4C0-41D8-9778-9F3294697EBF}"
EndProject
Project("{FAE04EC0-301F-11D3-BF4B-00C04F79EFBC}") = "Domain", "Domain\Domain.csproj", "{3C13D04F-8BA9-49C3-BC73-73D1B7CAE395}"
EndProject
Project("{FAE04EC0-301F-11D3-BF4B-00C04F79EFBC}") = "Data", "Data\Data.csproj", "{C3CB36AF-F8F6-4FE9-AA2F-7EB09C3AA3D7}"
EndProject
Global
	GlobalSection(SolutionConfigurationPlatforms) = preSolution
		Debug|Any CPU = Debug|Any CPU
		Release|Any CPU = Release|Any CPU
	EndGlobalSection
	GlobalSection(ProjectConfigurationPlatforms) = postSolution
		{6F05C6FA-D4C0-41D8-9778-9F3294697EBF}.Debug|Any CPU.ActiveCfg = Debug|Any CPU
		{6F05C6FA-D4C0-41D8-9778-9F3294697EBF}.Debug|Any CPU.Build.0 = Debug|Any CPU
		{6F05C6FA-D4C0-41D8-9778-9F3294697EBF}.Release|Any CPU.ActiveCfg = Release|Any CPU
		{6F05C6FA-D4C0-41D8-9778-9F3294697EBF}.Release|Any CPU.Build.0 = Release|Any CPU
		{3C13D04F-8BA9-49C3-BC73-73D1B7CAE395}.Debug|Any CPU.ActiveCfg = Debug|Any CPU
		{3C13D04F-8BA9-49C3-BC73-73D1B7CAE395}.Debug|Any CPU.Build.0 = Debug|Any CPU
		{3C13D04F-8BA9-49C3-BC73-73D1B7CAE395}.Release|Any CPU.ActiveCfg = Release|Any CPU
		{3C13D04F-8BA9-49C3-BC73-73D1B7CAE395}.Release|Any CPU.Build.0 = Release|Any CPU
		{C3CB36AF-F8F6-4FE9-AA2F-7EB09C3AA3D7}.Debug|Any CPU.ActiveCfg = Debug|Any CPU
		{C3CB36AF-F8F6-4FE9-AA2F-7EB09C3AA3D7}.Debug|Any CPU.Build.0 = Debug|Any CPU
		{C3CB36AF-F8F6-4FE9-AA2F-7EB09C3AA3D7}.Release|Any CPU.ActiveCfg = Release|Any CPU
		{C3CB36AF-F8F6-4FE9-AA2F-7EB09C3AA3D7}.Release|Any CPU.Build.0 = Release|Any CPU
	EndGlobalSection
	GlobalSection(SolutionProperties) = preSolution
		HideSolutionNode = FALSE
	EndGlobalSection
	GlobalSection(ExtensibilityGlobals) = postSolution
		SolutionGuid = {31D43910-6CA3-4994-BED1-094518E9DF21}
	EndGlobalSection
EndGlobal
